
Microsoft Visual Studio Solution File, Format Version 12.00
# Visual Studio 15
VisualStudioVersion = 15.0.26730.16
MinimumVisualStudioVersion = 10.0.40219.1
Project("{FAE04EC0-301F-11D3-BF4B-00C04F79EFBC}") = "ConsoleApp9", "ConsoleApp9\ConsoleApp9.csproj", "{458D1F11-F920-4B58-ADDE-2E3B19E82F96}"
EndProject
Global
	GlobalSection(SolutionConfigurationPlatforms) = preSolution
		Debug|Any CPU = Debug|Any CPU
		Release|Any CPU = Release|Any CPU
	EndGlobalSection
	GlobalSection(ProjectConfigurationPlatforms) = postSolution
		{458D1F11-F920-4B58-ADDE-2E3B19E82F96}.Debug|Any CPU.ActiveCfg = Debug|Any CPU
		{458D1F11-F920-4B58-ADDE-2E3B19E82F96}.Debug|Any CPU.Build.0 = Debug|Any CPU
		{458D1F11-F920-4B58-ADDE-2E3B19E82F96}.Release|Any CPU.ActiveCfg = Release|Any CPU
		{458D1F11-F920-4B58-ADDE-2E3B19E82F96}.Release|Any CPU.Build.0 = Release|Any CPU
	EndGlobalSection
	GlobalSection(SolutionProperties) = preSolution
		HideSolutionNode = FALSE
	EndGlobalSection
	GlobalSection(ExtensibilityGlobals) = postSolution
		SolutionGuid = {30C3AEBB-675E-4B5E-9D6A-9DCA35FE841F}
	EndGlobalSection
EndGlobal
