
Microsoft Visual Studio Solution File, Format Version 12.00
# Visual Studio 15
VisualStudioVersion = 15.0.26730.16
MinimumVisualStudioVersion = 10.0.40219.1
Project("{FAE04EC0-301F-11D3-BF4B-00C04F79EFBC}") = "EFCodeFirstApp", "EFCodeFirstApp\EFCodeFirstApp.csproj", "{E093AAA2-9C10-4AF5-894A-74CD05FFB5AE}"
EndProject
Global
	GlobalSection(SolutionConfigurationPlatforms) = preSolution
		Debug|Any CPU = Debug|Any CPU
		Release|Any CPU = Release|Any CPU
	EndGlobalSection
	GlobalSection(ProjectConfigurationPlatforms) = postSolution
		{E093AAA2-9C10-4AF5-894A-74CD05FFB5AE}.Debug|Any CPU.ActiveCfg = Debug|Any CPU
		{E093AAA2-9C10-4AF5-894A-74CD05FFB5AE}.Debug|Any CPU.Build.0 = Debug|Any CPU
		{E093AAA2-9C10-4AF5-894A-74CD05FFB5AE}.Release|Any CPU.ActiveCfg = Release|Any CPU
		{E093AAA2-9C10-4AF5-894A-74CD05FFB5AE}.Release|Any CPU.Build.0 = Release|Any CPU
	EndGlobalSection
	GlobalSection(SolutionProperties) = preSolution
		HideSolutionNode = FALSE
	EndGlobalSection
	GlobalSection(ExtensibilityGlobals) = postSolution
		SolutionGuid = {09520E03-4E3C-4288-AE3E-2A43118FEF2A}
	EndGlobalSection
EndGlobal
