
Microsoft Visual Studio Solution File, Format Version 12.00
# Visual Studio 15
VisualStudioVersion = 15.0.26730.16
MinimumVisualStudioVersion = 10.0.40219.1
Project("{FAE04EC0-301F-11D3-BF4B-00C04F79EFBC}") = "ConsoleApp25", "ConsoleApp25\ConsoleApp25.csproj", "{B82EE5E5-83DE-49B7-A62C-21F56E101D6E}"
EndProject
Global
	GlobalSection(SolutionConfigurationPlatforms) = preSolution
		Debug|Any CPU = Debug|Any CPU
		Release|Any CPU = Release|Any CPU
	EndGlobalSection
	GlobalSection(ProjectConfigurationPlatforms) = postSolution
		{B82EE5E5-83DE-49B7-A62C-21F56E101D6E}.Debug|Any CPU.ActiveCfg = Debug|Any CPU
		{B82EE5E5-83DE-49B7-A62C-21F56E101D6E}.Debug|Any CPU.Build.0 = Debug|Any CPU
		{B82EE5E5-83DE-49B7-A62C-21F56E101D6E}.Release|Any CPU.ActiveCfg = Release|Any CPU
		{B82EE5E5-83DE-49B7-A62C-21F56E101D6E}.Release|Any CPU.Build.0 = Release|Any CPU
	EndGlobalSection
	GlobalSection(SolutionProperties) = preSolution
		HideSolutionNode = FALSE
	EndGlobalSection
	GlobalSection(ExtensibilityGlobals) = postSolution
		SolutionGuid = {80E74675-66EE-4EEE-9440-3BBBAB550DB4}
	EndGlobalSection
EndGlobal
