
Microsoft Visual Studio Solution File, Format Version 12.00
# Visual Studio 15
VisualStudioVersion = 15.0.26730.16
MinimumVisualStudioVersion = 10.0.40219.1
Project("{FAE04EC0-301F-11D3-BF4B-00C04F79EFBC}") = "ConsoleApp10", "ConsoleApp10\ConsoleApp10.csproj", "{A3E07A94-F709-4262-BE66-49EA44D13BDE}"
EndProject
Global
	GlobalSection(SolutionConfigurationPlatforms) = preSolution
		Debug|Any CPU = Debug|Any CPU
		Release|Any CPU = Release|Any CPU
	EndGlobalSection
	GlobalSection(ProjectConfigurationPlatforms) = postSolution
		{A3E07A94-F709-4262-BE66-49EA44D13BDE}.Debug|Any CPU.ActiveCfg = Debug|Any CPU
		{A3E07A94-F709-4262-BE66-49EA44D13BDE}.Debug|Any CPU.Build.0 = Debug|Any CPU
		{A3E07A94-F709-4262-BE66-49EA44D13BDE}.Release|Any CPU.ActiveCfg = Release|Any CPU
		{A3E07A94-F709-4262-BE66-49EA44D13BDE}.Release|Any CPU.Build.0 = Release|Any CPU
	EndGlobalSection
	GlobalSection(SolutionProperties) = preSolution
		HideSolutionNode = FALSE
	EndGlobalSection
	GlobalSection(ExtensibilityGlobals) = postSolution
		SolutionGuid = {C65A914A-4187-47EB-89B6-93520C9CA360}
	EndGlobalSection
EndGlobal
