
Microsoft Visual Studio Solution File, Format Version 12.00
# Visual Studio 15
VisualStudioVersion = 15.0.26730.16
MinimumVisualStudioVersion = 10.0.40219.1
Project("{FAE04EC0-301F-11D3-BF4B-00C04F79EFBC}") = "ConsoleApp8", "ConsoleApp8\ConsoleApp8.csproj", "{CA131061-A258-47FB-A8EF-DBBBA4026811}"
EndProject
Global
	GlobalSection(SolutionConfigurationPlatforms) = preSolution
		Debug|Any CPU = Debug|Any CPU
		Release|Any CPU = Release|Any CPU
	EndGlobalSection
	GlobalSection(ProjectConfigurationPlatforms) = postSolution
		{CA131061-A258-47FB-A8EF-DBBBA4026811}.Debug|Any CPU.ActiveCfg = Debug|Any CPU
		{CA131061-A258-47FB-A8EF-DBBBA4026811}.Debug|Any CPU.Build.0 = Debug|Any CPU
		{CA131061-A258-47FB-A8EF-DBBBA4026811}.Release|Any CPU.ActiveCfg = Release|Any CPU
		{CA131061-A258-47FB-A8EF-DBBBA4026811}.Release|Any CPU.Build.0 = Release|Any CPU
	EndGlobalSection
	GlobalSection(SolutionProperties) = preSolution
		HideSolutionNode = FALSE
	EndGlobalSection
	GlobalSection(ExtensibilityGlobals) = postSolution
		SolutionGuid = {886B79DF-7C33-48E1-B1D6-896DD6BE245D}
	EndGlobalSection
EndGlobal
