
Microsoft Visual Studio Solution File, Format Version 12.00
# Visual Studio 15
VisualStudioVersion = 15.0.28307.1022
MinimumVisualStudioVersion = 10.0.40219.1
Project("{FAE04EC0-301F-11D3-BF4B-00C04F79EFBC}") = "HelperMethods", "HelperMethods\HelperMethods.csproj", "{8201E78B-B0C3-4277-97D1-99E4E5149A81}"
EndProject
Global
	GlobalSection(SolutionConfigurationPlatforms) = preSolution
		Debug|Any CPU = Debug|Any CPU
		Release|Any CPU = Release|Any CPU
	EndGlobalSection
	GlobalSection(ProjectConfigurationPlatforms) = postSolution
		{8201E78B-B0C3-4277-97D1-99E4E5149A81}.Debug|Any CPU.ActiveCfg = Debug|Any CPU
		{8201E78B-B0C3-4277-97D1-99E4E5149A81}.Debug|Any CPU.Build.0 = Debug|Any CPU
		{8201E78B-B0C3-4277-97D1-99E4E5149A81}.Release|Any CPU.ActiveCfg = Release|Any CPU
		{8201E78B-B0C3-4277-97D1-99E4E5149A81}.Release|Any CPU.Build.0 = Release|Any CPU
	EndGlobalSection
	GlobalSection(SolutionProperties) = preSolution
		HideSolutionNode = FALSE
	EndGlobalSection
	GlobalSection(ExtensibilityGlobals) = postSolution
		SolutionGuid = {EACBC662-3CB6-4729-8325-72131EBB6587}
	EndGlobalSection
EndGlobal
