
Microsoft Visual Studio Solution File, Format Version 12.00
# Visual Studio 15
VisualStudioVersion = 15.0.26730.16
MinimumVisualStudioVersion = 10.0.40219.1
Project("{FAE04EC0-301F-11D3-BF4B-00C04F79EFBC}") = "WindowsFormsApp8", "WindowsFormsApp8\WindowsFormsApp8.csproj", "{84E8193E-B901-489A-BE1B-954F43AB66BB}"
EndProject
Global
	GlobalSection(SolutionConfigurationPlatforms) = preSolution
		Debug|Any CPU = Debug|Any CPU
		Release|Any CPU = Release|Any CPU
	EndGlobalSection
	GlobalSection(ProjectConfigurationPlatforms) = postSolution
		{84E8193E-B901-489A-BE1B-954F43AB66BB}.Debug|Any CPU.ActiveCfg = Debug|Any CPU
		{84E8193E-B901-489A-BE1B-954F43AB66BB}.Debug|Any CPU.Build.0 = Debug|Any CPU
		{84E8193E-B901-489A-BE1B-954F43AB66BB}.Release|Any CPU.ActiveCfg = Release|Any CPU
		{84E8193E-B901-489A-BE1B-954F43AB66BB}.Release|Any CPU.Build.0 = Release|Any CPU
	EndGlobalSection
	GlobalSection(SolutionProperties) = preSolution
		HideSolutionNode = FALSE
	EndGlobalSection
	GlobalSection(ExtensibilityGlobals) = postSolution
		SolutionGuid = {906F0D80-E892-4C8E-A2F9-BCA4B936D666}
	EndGlobalSection
EndGlobal
