
Microsoft Visual Studio Solution File, Format Version 12.00
# Visual Studio 15
VisualStudioVersion = 15.0.26730.16
MinimumVisualStudioVersion = 10.0.40219.1
Project("{FAE04EC0-301F-11D3-BF4B-00C04F79EFBC}") = "WindowsFormsApp1", "WindowsFormsApp1\WindowsFormsApp1.csproj", "{A78DC2A2-CE7A-41D6-8095-F916D181C858}"
EndProject
Global
	GlobalSection(SolutionConfigurationPlatforms) = preSolution
		Debug|Any CPU = Debug|Any CPU
		Release|Any CPU = Release|Any CPU
	EndGlobalSection
	GlobalSection(ProjectConfigurationPlatforms) = postSolution
		{A78DC2A2-CE7A-41D6-8095-F916D181C858}.Debug|Any CPU.ActiveCfg = Debug|Any CPU
		{A78DC2A2-CE7A-41D6-8095-F916D181C858}.Debug|Any CPU.Build.0 = Debug|Any CPU
		{A78DC2A2-CE7A-41D6-8095-F916D181C858}.Release|Any CPU.ActiveCfg = Release|Any CPU
		{A78DC2A2-CE7A-41D6-8095-F916D181C858}.Release|Any CPU.Build.0 = Release|Any CPU
	EndGlobalSection
	GlobalSection(SolutionProperties) = preSolution
		HideSolutionNode = FALSE
	EndGlobalSection
	GlobalSection(ExtensibilityGlobals) = postSolution
		SolutionGuid = {106F7457-AFD1-4DCF-B0E9-4C123DB57E6B}
	EndGlobalSection
EndGlobal
