
Microsoft Visual Studio Solution File, Format Version 12.00
# Visual Studio 15
VisualStudioVersion = 15.0.28307.1022
MinimumVisualStudioVersion = 10.0.40219.1
Project("{FAE04EC0-301F-11D3-BF4B-00C04F79EFBC}") = "Multiple", "Multiple\Multiple.csproj", "{7E42CA31-2F0F-40B7-9788-B5795434320D}"
EndProject
Global
	GlobalSection(SolutionConfigurationPlatforms) = preSolution
		Debug|Any CPU = Debug|Any CPU
		Release|Any CPU = Release|Any CPU
	EndGlobalSection
	GlobalSection(ProjectConfigurationPlatforms) = postSolution
		{7E42CA31-2F0F-40B7-9788-B5795434320D}.Debug|Any CPU.ActiveCfg = Debug|Any CPU
		{7E42CA31-2F0F-40B7-9788-B5795434320D}.Debug|Any CPU.Build.0 = Debug|Any CPU
		{7E42CA31-2F0F-40B7-9788-B5795434320D}.Release|Any CPU.ActiveCfg = Release|Any CPU
		{7E42CA31-2F0F-40B7-9788-B5795434320D}.Release|Any CPU.Build.0 = Release|Any CPU
	EndGlobalSection
	GlobalSection(SolutionProperties) = preSolution
		HideSolutionNode = FALSE
	EndGlobalSection
	GlobalSection(ExtensibilityGlobals) = postSolution
		SolutionGuid = {A97661C3-8C82-4D31-961B-DB14715B71B2}
	EndGlobalSection
EndGlobal
