
Microsoft Visual Studio Solution File, Format Version 12.00
# Visual Studio 15
VisualStudioVersion = 15.0.28307.1022
MinimumVisualStudioVersion = 10.0.40219.1
Project("{FAE04EC0-301F-11D3-BF4B-00C04F79EFBC}") = "EmpDBDemo", "EmpDBDemo\EmpDBDemo.csproj", "{BC21678B-7138-493C-9BD4-C51E08B1B458}"
EndProject
Global
	GlobalSection(SolutionConfigurationPlatforms) = preSolution
		Debug|Any CPU = Debug|Any CPU
		Release|Any CPU = Release|Any CPU
	EndGlobalSection
	GlobalSection(ProjectConfigurationPlatforms) = postSolution
		{BC21678B-7138-493C-9BD4-C51E08B1B458}.Debug|Any CPU.ActiveCfg = Debug|Any CPU
		{BC21678B-7138-493C-9BD4-C51E08B1B458}.Debug|Any CPU.Build.0 = Debug|Any CPU
		{BC21678B-7138-493C-9BD4-C51E08B1B458}.Release|Any CPU.ActiveCfg = Release|Any CPU
		{BC21678B-7138-493C-9BD4-C51E08B1B458}.Release|Any CPU.Build.0 = Release|Any CPU
	EndGlobalSection
	GlobalSection(SolutionProperties) = preSolution
		HideSolutionNode = FALSE
	EndGlobalSection
	GlobalSection(ExtensibilityGlobals) = postSolution
		SolutionGuid = {166D7261-6FED-4C1B-AB3C-DEC3F8EB63BD}
	EndGlobalSection
EndGlobal
